# THIS IS AN AUTOGENERATED FILE. DO NOT EDIT THIS FILE DIRECTLY.
# yarn lockfile v1


"@abp/aspnetcore.mvc.ui.theme.basic@~9.1.0":
  version "9.1.0"
  resolved "https://registry.npmmirror.com/@abp/aspnetcore.mvc.ui.theme.basic/-/aspnetcore.mvc.ui.theme.basic-9.1.0.tgz#e9e0321037c34b43145dfc7827c422fbf79f59ab"
  integrity sha512-vLkyrdFXw0/MPyU2hzqGJJk7trmIlVMdflNIe/rF77UIRmJYHWaTmPt9i5PLN/O4s0jnE9kWlaaJ/VnnFWeGsQ==
  dependencies:
    "@abp/aspnetcore.mvc.ui.theme.shared" "~9.1.0"

"@abp/aspnetcore.mvc.ui.theme.shared@~9.1.0":
  version "9.1.0"
  resolved "https://registry.npmmirror.com/@abp/aspnetcore.mvc.ui.theme.shared/-/aspnetcore.mvc.ui.theme.shared-9.1.0.tgz#35a73580b9b67a33708f2cf897243b50c9ad7100"
  integrity sha512-rggTYL9poOFICsOseDX22JNhD0KWH8Oxs0YH91TZjvm/F67cPemW99eBlJc/YdJ7bN6icRiebN8m81y9MSanyg==
  dependencies:
    "@abp/aspnetcore.mvc.ui" "~9.1.0"
    "@abp/bootstrap" "~9.1.0"
    "@abp/bootstrap-datepicker" "~9.1.0"
    "@abp/bootstrap-daterangepicker" "~9.1.0"
    "@abp/datatables.net-bs5" "~9.1.0"
    "@abp/font-awesome" "~9.1.0"
    "@abp/jquery-form" "~9.1.0"
    "@abp/jquery-validation-unobtrusive" "~9.1.0"
    "@abp/lodash" "~9.1.0"
    "@abp/luxon" "~9.1.0"
    "@abp/malihu-custom-scrollbar-plugin" "~9.1.0"
    "@abp/moment" "~9.1.0"
    "@abp/select2" "~9.1.0"
    "@abp/sweetalert2" "~9.1.0"
    "@abp/timeago" "~9.1.0"
    "@abp/toastr" "~9.1.0"

"@abp/aspnetcore.mvc.ui@~9.1.0":
  version "9.1.0"
  resolved "https://registry.npmmirror.com/@abp/aspnetcore.mvc.ui/-/aspnetcore.mvc.ui-9.1.0.tgz#38d058ab148a36ad4d63870e8a501ca339e4a70e"
  integrity sha512-lUw1ij87KJp+Rj4cz8oSQkdRuoMq76l/wIAGwtXH+EOKusVpSJTOTioAV/tPKeKZ15ubE4bO5jWcQGxZkXgH3w==
  dependencies:
    ansi-colors "^4.1.3"

"@abp/bootstrap-datepicker@~9.1.0":
  version "9.1.0"
  resolved "https://registry.npmmirror.com/@abp/bootstrap-datepicker/-/bootstrap-datepicker-9.1.0.tgz#96a1875a2b92f03b8f90f7842ebf8849cf8a4d04"
  integrity sha512-3FQm1SK8qmzoP7LOvXkZpq1AzrdPHKRdQJjoqK9N+lQxQjNfOxEFMxeDSg6WJKO619Cnve++jAyMidojXlCiwQ==
  dependencies:
    bootstrap-datepicker "^1.10.0"

"@abp/bootstrap-daterangepicker@~9.1.0":
  version "9.1.0"
  resolved "https://registry.npmmirror.com/@abp/bootstrap-daterangepicker/-/bootstrap-daterangepicker-9.1.0.tgz#1993c539837eb31de174cba9f0bccd441a98f209"
  integrity sha512-jS1jTqP6KCXQYX9xZpDAI07C94nwzXrNJD3H0pJXsXoOva3TTBQDD8khf6RDb7tiZrkrNJqmMyUiCfVTDbO7zg==
  dependencies:
    bootstrap-daterangepicker "^3.1.0"

"@abp/bootstrap@~9.1.0":
  version "9.1.0"
  resolved "https://registry.npmmirror.com/@abp/bootstrap/-/bootstrap-9.1.0.tgz#a06c1cd4c11554c29973db70c6a383efebb10b4e"
  integrity sha512-r6onkBnpqoWrdYLDVZTiqgQBvH5UZerYRrPB3Ky+RkXJhgwn7AM3LAVrB42sIvFZRNbwOlvuAL+a0+5yDOH67Q==
  dependencies:
    "@abp/core" "~9.1.0"
    bootstrap "^5.3.3"

"@abp/core@~9.1.0":
  version "9.1.0"
  resolved "https://registry.npmmirror.com/@abp/core/-/core-9.1.0.tgz#af78fc096932d4ec45216b5e910c87a72e479b1f"
  integrity sha512-6P0KGh5+IqlhQnUOyzaGaKrKzOAm1G0gg8Ay3DXyW2ksY6Zr+lyi5cxNsSi4ix1dicqfydIKvLfV+DF3mQf/dw==
  dependencies:
    "@abp/utils" "~9.1.0"

"@abp/datatables.net-bs5@~9.1.0":
  version "9.1.0"
  resolved "https://registry.npmmirror.com/@abp/datatables.net-bs5/-/datatables.net-bs5-9.1.0.tgz#3b2e7d68e947db3d3432ab5e8bff4da89a85d05d"
  integrity sha512-zBrzOrfvTPJcc6mvHZDPVdXbWesKU0lKlrb7vuBZxWjrFNwVC0d/KNJPcYVvyQ3zf9rrQB5Xg0MDgu0k5Tt7tQ==
  dependencies:
    "@abp/datatables.net" "~9.1.0"
    datatables.net-bs5 "^2.1.8"

"@abp/datatables.net@~9.1.0":
  version "9.1.0"
  resolved "https://registry.npmmirror.com/@abp/datatables.net/-/datatables.net-9.1.0.tgz#12d6e1412aac4a2e0a61437dcdfbfbe1add7fed7"
  integrity sha512-lYRvEZUkntaI+dS9Xkz23Z54eDeZ1R4Wzhqcg6VIsz3iO5kYAa5GiQjcOiBssNGJSLuaet6R5Pqh1ThEUjfvvA==
  dependencies:
    "@abp/jquery" "~9.1.0"
    datatables.net "^2.1.8"

"@abp/font-awesome@~9.1.0":
  version "9.1.0"
  resolved "https://registry.npmmirror.com/@abp/font-awesome/-/font-awesome-9.1.0.tgz#af21ff2d7c332deb1df626404b53a78d790ba842"
  integrity sha512-HcJzDCACGejOIvhxsorCdaesyDHnupR/sl5YFCsGikSqATyOSKQy4pw8wKsb1z+FCT5JYCTR7ROJ3lB1lTEgZw==
  dependencies:
    "@abp/core" "~9.1.0"
    "@fortawesome/fontawesome-free" "^6.6.0"

"@abp/jquery-form@~9.1.0":
  version "9.1.0"
  resolved "https://registry.npmmirror.com/@abp/jquery-form/-/jquery-form-9.1.0.tgz#bdb96436c54b2a09ac4259db97e1e577410e1fc3"
  integrity sha512-xjHXWstVY6B3MPB4/8g0EJeHlVvlV010OMZKFmfCGLFi6aHAEKqqWh1rMItAiVuSmCCzL0m/208ZkpoCI++jGQ==
  dependencies:
    "@abp/jquery" "~9.1.0"
    jquery-form "^4.3.0"

"@abp/jquery-validation-unobtrusive@~9.1.0":
  version "9.1.0"
  resolved "https://registry.npmmirror.com/@abp/jquery-validation-unobtrusive/-/jquery-validation-unobtrusive-9.1.0.tgz#798551e7c14ba286a819a48804107a53e974c1ee"
  integrity sha512-TggKckfbLtB7Ig2kNt2kH//GaJUns8OZbpdKdh7vCWIAGedw2FLNCABCpoGnyNp0s/dVOtdyxRl9eFRN3+a4tw==
  dependencies:
    "@abp/jquery-validation" "~9.1.0"
    jquery-validation-unobtrusive "^4.0.0"

"@abp/jquery-validation@~9.1.0":
  version "9.1.0"
  resolved "https://registry.npmmirror.com/@abp/jquery-validation/-/jquery-validation-9.1.0.tgz#b771652377fbfb3c92ce03b7b7c069a3bb2ae70b"
  integrity sha512-bmPSOHcxjitB8NkiLv0SxxuSS3FlCq9SiTUGvsT8nOStDsm+KpyYSzZQq8LSCyqWWj54tlOARTfcD4tMK7/K3Q==
  dependencies:
    "@abp/jquery" "~9.1.0"
    jquery-validation "^1.21.0"

"@abp/jquery@~9.1.0":
  version "9.1.0"
  resolved "https://registry.npmmirror.com/@abp/jquery/-/jquery-9.1.0.tgz#952b61ea3e4a99e6551f667297dbb637d83f3c50"
  integrity sha512-Ulw8ClAbqmxceNYCb76bR6dq7e9b7Hs6mjlEy05zdbsSNuZW3UoycsJ+BquXi+dUNBo6OppqEmhVeiIjAKTaFg==
  dependencies:
    "@abp/core" "~9.1.0"
    jquery "~3.7.1"

"@abp/lodash@~9.1.0":
  version "9.1.0"
  resolved "https://registry.npmmirror.com/@abp/lodash/-/lodash-9.1.0.tgz#62c784bd99c9e1ccfa82905e843375c594ef8584"
  integrity sha512-cCE3ZwwWcPrh+ccKx4AS1USL1ttbrXBqci/l+ROjXhFzrs6GYnhI0+30xRZgPdPRm3U3nGPrSaDAU7UuHkRScg==
  dependencies:
    "@abp/core" "~9.1.0"
    lodash "^4.17.21"

"@abp/luxon@~9.1.0":
  version "9.1.0"
  resolved "https://registry.npmmirror.com/@abp/luxon/-/luxon-9.1.0.tgz#b246f3627bbc7ce41b7878fce1679da473b0e0ae"
  integrity sha512-AouS/qEK+i69hwr4XtUOCepONLuR+1gdHFb50RpOEbUoDfTYmYpxPBdiICmZPeJ3CExErITPZxzzngCnKPPOUw==
  dependencies:
    "@abp/core" "~9.1.0"
    luxon "^3.5.0"

"@abp/malihu-custom-scrollbar-plugin@~9.1.0":
  version "9.1.0"
  resolved "https://registry.npmmirror.com/@abp/malihu-custom-scrollbar-plugin/-/malihu-custom-scrollbar-plugin-9.1.0.tgz#288ae1916a78100f2c728dfd05a560ee99fafae4"
  integrity sha512-McdMRDtbTZBjp//3GMVjRjkc16HNYDEdPc2ar1xrY817e0tEln6/TBkItAcfOvjso0TsLcvlNL1+1bjbMjj8OA==
  dependencies:
    "@abp/core" "~9.1.0"
    malihu-custom-scrollbar-plugin "^3.1.5"

"@abp/moment@~9.1.0":
  version "9.1.0"
  resolved "https://registry.npmmirror.com/@abp/moment/-/moment-9.1.0.tgz#f3c0ae02209e496913cda53df752dabc5be648bd"
  integrity sha512-WxR1l09vwxRhqyvAVP4m4IBOFjIC4pzLOmelloqES+gL/klw+T/AmY21Z/z+OV0p7aJ3V3Q1aQStuMCDCyGFnQ==
  dependencies:
    moment "^2.30.1"

"@abp/select2@~9.1.0":
  version "9.1.0"
  resolved "https://registry.npmmirror.com/@abp/select2/-/select2-9.1.0.tgz#9c2c6751f8506fb375c9b7c42a008c168a8f4c75"
  integrity sha512-n6HqsH8aFLMrqL6LJ0gsHFlaq6T1QSt/x7HkkZyhDC7CwhXajxtsJEstDnDF9naHSXX/lerPbrHEgzn2QRMBqg==
  dependencies:
    "@abp/core" "~9.1.0"
    select2 "^4.0.13"

"@abp/sweetalert2@~9.1.0":
  version "9.1.0"
  resolved "https://registry.npmmirror.com/@abp/sweetalert2/-/sweetalert2-9.1.0.tgz#660f9b1db60cc04bde6cadbcf3c55320d20c2f3e"
  integrity sha512-z3JMeAwva2vR8qZSRJ/BisQDdAEqjDJ/6oIGu/JYXQEchO1Lnd9UMV376nc3crLJdnyRRO7Qs6zx4FfVOCH0kw==
  dependencies:
    "@abp/core" "~9.1.0"
    sweetalert2 "^11.14.1"

"@abp/timeago@~9.1.0":
  version "9.1.0"
  resolved "https://registry.npmmirror.com/@abp/timeago/-/timeago-9.1.0.tgz#496e40153241bae5d418d79cc6c65c9db6306447"
  integrity sha512-a/UAYQ2GrhYFGx4p0hqr3x+teBqnjnOiWJEPq9//RTlz+EZ+OUyHbJrcUtqZRvaGJtOAsfmljD3jYnOXUlU7DA==
  dependencies:
    "@abp/jquery" "~9.1.0"
    timeago "^1.6.7"

"@abp/toastr@~9.1.0":
  version "9.1.0"
  resolved "https://registry.npmmirror.com/@abp/toastr/-/toastr-9.1.0.tgz#501cbe211164b2e7416a2d4878cb34aed3550b7c"
  integrity sha512-BkTDuU0p9Qa4+HT9CYwiPQjVTrbTSNBgQ18h69S3lIadLJwdC6pXeLbL9bhe+5fiuhq2f+0Oqo3X75LNEgzHkw==
  dependencies:
    "@abp/jquery" "~9.1.0"
    toastr "^2.1.4"

"@abp/utils@~9.1.0":
  version "9.1.0"
  resolved "https://registry.npmmirror.com/@abp/utils/-/utils-9.1.0.tgz#a4fd37d943df18b5c11f5d4869efd5d8882b7959"
  integrity sha512-+UZo0ocTEZlRO41SzzHNdinjdFUDVq8wYZSj5BA1bqCVeWYhfjI2+rl9DuogCN8UEuCACA4K/qb4XcE/untQ3g==
  dependencies:
    just-compare "^2.3.0"

"@fortawesome/fontawesome-free@^6.6.0":
  version "6.7.2"
  resolved "https://registry.npmmirror.com/@fortawesome/fontawesome-free/-/fontawesome-free-6.7.2.tgz#8249de9b7e22fcb3ceb5e66090c30a1d5492b81a"
  integrity sha512-JUOtgFW6k9u4Y+xeIaEiLr3+cjoUPiAuLXoyKOJSia6Duzb7pq+A76P9ZdPDoAoxHdHzq6gE9/jKBGXlZT8FbA==

ansi-colors@^4.1.3:
  version "4.1.3"
  resolved "https://registry.npmmirror.com/ansi-colors/-/ansi-colors-4.1.3.tgz#37611340eb2243e70cc604cad35d63270d48781b"
  integrity sha512-/6w/C21Pm1A7aZitlI5Ni/2J6FFQN8i1Cvz3kHABAAbw93v/NlvKdVOqz7CCWz/3iv/JplRSEEZ83XION15ovw==

bootstrap-datepicker@^1.10.0:
  version "1.10.0"
  resolved "https://registry.npmmirror.com/bootstrap-datepicker/-/bootstrap-datepicker-1.10.0.tgz#61612bbe8bf0a69a5bce32bbcdda93ebb6ccf24a"
  integrity sha512-lWxtSYddAQOpbAO8UhYhHLcK6425eWoSjb5JDvZU3ePHEPF6A3eUr51WKaFy4PccU19JRxUG6wEU3KdhtKfvpg==
  dependencies:
    jquery ">=3.4.0 <4.0.0"

bootstrap-daterangepicker@^3.1.0:
  version "3.1.0"
  resolved "https://registry.yarnpkg.com/bootstrap-daterangepicker/-/bootstrap-daterangepicker-3.1.0.tgz#632e6fb2de4b6360c5c0a9d5f6adb9aace051fe8"
  integrity sha512-oaQZx6ZBDo/dZNyXGVi2rx5GmFXThyQLAxdtIqjtLlYVaQUfQALl5JZMJJZzyDIX7blfy4ppZPAJ10g8Ma4d/g==
  dependencies:
    jquery ">=1.10"
    moment "^2.9.0"

bootstrap@^5.3.3:
  version "5.3.3"
  resolved "https://registry.npmmirror.com/bootstrap/-/bootstrap-5.3.3.tgz#de35e1a765c897ac940021900fcbb831602bac38"
  integrity sha512-8HLCdWgyoMguSO9o+aH+iuZ+aht+mzW0u3HIMzVu7Srrpv7EBBxTnrFlSCskwdY1+EOFQSm7uMJhNQHkdPcmjg==

datatables.net-bs5@^2.1.8:
  version "2.2.2"
  resolved "https://registry.npmmirror.com/datatables.net-bs5/-/datatables.net-bs5-2.2.2.tgz#2d23183f6d9892a5518be9d33ef845935d859dba"
  integrity sha512-0mAbpUf0EpnIEc0RlN6vSrSk9y/+NuReiwDpjHYY3RfzdvH6Lt0+7Q9OU5RIbYxaFxES/z60thxdrw7IUFnBhw==
  dependencies:
    datatables.net "2.2.2"
    jquery ">=1.7"

datatables.net@2.2.2, datatables.net@^2.1.8:
  version "2.2.2"
  resolved "https://registry.npmmirror.com/datatables.net/-/datatables.net-2.2.2.tgz#de45c9ef18775499481ffdae81a8de6a10d264a0"
  integrity sha512-gfODIKE3gpgbVeZy2QGj2Dq9roO6hy00S+k1knklrqlMyAMrh1wt0Q6ryBUM7gU96U77ysbq8dYhxFdmcC/oPQ==
  dependencies:
    jquery ">=1.7"

jquery-form@^4.3.0:
  version "4.3.0"
  resolved "https://registry.yarnpkg.com/jquery-form/-/jquery-form-4.3.0.tgz#7d3961c314a1f2d15298f4af1d3943f54f4149c6"
  integrity sha512-q3uaVCEWdLOYUCI6dpNdwf/7cJFOsUgdpq6r0taxtGQ5NJSkOzofyWm4jpOuJ5YxdmL1FI5QR+q+HB63HHLGnQ==
  dependencies:
    jquery ">=1.7.2"

jquery-mousewheel@>=3.0.6:
  version "3.1.13"
  resolved "https://registry.yarnpkg.com/jquery-mousewheel/-/jquery-mousewheel-3.1.13.tgz#06f0335f16e353a695e7206bf50503cb523a6ee5"
  integrity sha512-GXhSjfOPyDemM005YCEHvzrEALhKDIswtxSHSR2e4K/suHVJKJxxRCGz3skPjNxjJjQa9AVSGGlYjv1M3VLIPg==

jquery-validation-unobtrusive@^4.0.0:
  version "4.0.0"
  resolved "https://registry.npmmirror.com/jquery-validation-unobtrusive/-/jquery-validation-unobtrusive-4.0.0.tgz#dfcf25a558496a2c883db6021d10f5398d15f99d"
  integrity sha512-1ervYFFv6LX/rp7ktuLnMakHNG0piNRDyROI8Ir3hL1vPIwylAehB1AY3BPrYJnzW3WmwWryZq+Bz4sazZK9iQ==
  dependencies:
    jquery "^3.6.0"
    jquery-validation ">=1.19"

jquery-validation@>=1.19, jquery-validation@^1.21.0:
  version "1.21.0"
  resolved "https://registry.npmmirror.com/jquery-validation/-/jquery-validation-1.21.0.tgz#78fc05ab76020912a246af3661b3f54a438bca93"
  integrity sha512-xNot0rlUIgu7duMcQ5qb6MGkGL/Z1PQaRJQoZAURW9+a/2PGOUxY36o/WyNeP2T9R6jvWB8Z9lUVvvQWI/Zs5w==

jquery@>=1.10, jquery@>=1.12.0, "jquery@>=1.5.0 <4.0", jquery@>=1.7, jquery@>=1.7.2:
  version "3.6.4"
  resolved "https://registry.yarnpkg.com/jquery/-/jquery-3.6.4.tgz#ba065c188142100be4833699852bf7c24dc0252f"
  integrity sha512-v28EW9DWDFpzcD9O5iyJXg3R3+q+mET5JhnjJzQUZMHOv67bpSIHq81GEYpPNZHG+XXHsfSme3nxp/hndKEcsQ==

"jquery@>=3.4.0 <4.0.0", jquery@^3.6.0, jquery@~3.7.1:
  version "3.7.1"
  resolved "https://registry.npmmirror.com/jquery/-/jquery-3.7.1.tgz#083ef98927c9a6a74d05a6af02806566d16274de"
  integrity sha512-m4avr8yL8kmFN8psrbFFFmB/If14iN5o9nw/NgnnM+kybDJpRsAynV2BsfpTYrTRysYUdADVD7CkUUizgkpLfg==

just-compare@^2.3.0:
  version "2.3.0"
  resolved "https://registry.npmmirror.com/just-compare/-/just-compare-2.3.0.tgz#a2adcc1d1940536263275f5a1ef1298bcacfeda7"
  integrity sha512-6shoR7HDT+fzfL3gBahx1jZG3hWLrhPAf+l7nCwahDdT9XDtosB9kIF0ZrzUp5QY8dJWfQVr5rnsPqsbvflDzg==

lodash@^4.17.21:
  version "4.17.21"
  resolved "https://registry.yarnpkg.com/lodash/-/lodash-4.17.21.tgz#679591c564c3bffaae8454cf0b3df370c3d6911c"
  integrity sha512-v2kDEe57lecTulaDIuNTPy3Ry4gLGJ6Z1O3vE1krgXZNrsQ+LFTGHVxVjcXPs17LhbZVGedAJv8XZ1tvj5FvSg==

luxon@^3.5.0:
  version "3.5.0"
  resolved "https://registry.npmmirror.com/luxon/-/luxon-3.5.0.tgz#6b6f65c5cd1d61d1fd19dbf07ee87a50bf4b8e20"
  integrity sha512-rh+Zjr6DNfUYR3bPwJEnuwDdqMbxZW7LOQfUN4B54+Cl+0o5zaU9RJ6bcidfDtC1cWCZXQ+nvX8bf6bAji37QQ==

malihu-custom-scrollbar-plugin@^3.1.5:
  version "3.1.5"
  resolved "https://registry.yarnpkg.com/malihu-custom-scrollbar-plugin/-/malihu-custom-scrollbar-plugin-3.1.5.tgz#310cecc5e59415a1c29e9dfb5d2b6e01d66a29ef"
  integrity sha512-lwW3LgI+CNDMPnP4ED2la6oYxWMkCXlnhex+s2wuOLhFDFGnGmQuTQVdRK9bvDLpxs10sGlfErVufJy9ztfgJQ==
  dependencies:
    jquery-mousewheel ">=3.0.6"

moment@^2.30.1:
  version "2.30.1"
  resolved "https://registry.npmmirror.com/moment/-/moment-2.30.1.tgz#f8c91c07b7a786e30c59926df530b4eac96974ae"
  integrity sha512-uEmtNhbDOrWPFS+hdjFCBfy9f2YoyzRpwcl+DqpC6taX21FzsTLQVbMV/W7PzNSX6x/bhC1zA3c2UQ5NzH6how==

moment@^2.9.0:
  version "2.29.4"
  resolved "https://registry.yarnpkg.com/moment/-/moment-2.29.4.tgz#3dbe052889fe7c1b2ed966fcb3a77328964ef108"
  integrity sha512-5LC9SOxjSc2HF6vO2CyuTDNivEdoz2IvyJJGj6X8DJ0eFyfszE0QiEd+iXmBvUP3WHxSjFH/vIsA0EN00cgr8w==

select2@^4.0.13:
  version "4.0.13"
  resolved "https://registry.yarnpkg.com/select2/-/select2-4.0.13.tgz#0dbe377df3f96167c4c1626033e924372d8ef44d"
  integrity sha512-1JeB87s6oN/TDxQQYCvS5EFoQyvV6eYMZZ0AeA4tdFDYWN3BAGZ8npr17UBFddU0lgAt3H0yjX3X6/ekOj1yjw==

sweetalert2@^11.14.1:
  version "11.17.2"
  resolved "https://registry.npmmirror.com/sweetalert2/-/sweetalert2-11.17.2.tgz#a11852713c8eea274d9e1d233522322cc63cf5be"
  integrity sha512-HKxDr1IyV3Lxr3W6sb61qm/p2epFIEdr5EKwteRFHnIg6f8nHFl2kX++DBVz16Mac+fFiU3hMpjq1L6yE2Ge5w==

timeago@^1.6.7:
  version "1.6.7"
  resolved "https://registry.yarnpkg.com/timeago/-/timeago-1.6.7.tgz#afd467c29a911e697fc22a81888c7c3022783cb5"
  integrity sha512-FikcjN98+ij0siKH4VO4dZ358PR3oDDq4Vdl1+sN9gWz1/+JXGr3uZbUShYH/hL7bMhcTpPbplJU5Tej4b4jbQ==
  dependencies:
    jquery ">=1.5.0 <4.0"

toastr@^2.1.4:
  version "2.1.4"
  resolved "https://registry.yarnpkg.com/toastr/-/toastr-2.1.4.tgz#8b43be64fb9d0c414871446f2db8e8ca4e95f181"
  integrity sha512-LIy77F5n+sz4tefMmFOntcJ6HL0Fv3k1TDnNmFZ0bU/GcvIIfy6eG2v7zQmMiYgaalAiUv75ttFrPn5s0gyqlA==
  dependencies:
    jquery ">=1.12.0"
