{
  "name": "my-app-authserver",
  "version": "1.0.0",
  "lockfileVersion": 3,
  "requires": true,
  "packages": {
    "": {
      "name": "my-app-authserver",
      "version": "1.0.0",
      "dependencies": {
        "@abp/aspnetcore.mvc.ui.theme.basic": "~8.2.0-rc.3"
      }
    },
    "node_modules/@abp/aspnetcore.mvc.ui": {
      "version": "8.2.0-rc.3",
      "resolved": "https://registry.npmjs.org/@abp/aspnetcore.mvc.ui/-/aspnetcore.mvc.ui-8.2.0-rc.3.tgz",
      "integrity": "sha512-3dROllA2K9DGngy+hvTTpZUwvCjDEZy/3ec1X07TgIcioYKDis6vN+nDP4QcSAu3Fa4VEJderxizSCAJejbURQ==",
      "dependencies": {
        "ansi-colors": "^4.1.1"
      }
    },
    "node_modules/@abp/aspnetcore.mvc.ui.theme.basic": {
      "version": "8.2.0-rc.3",
      "resolved": "https://registry.npmjs.org/@abp/aspnetcore.mvc.ui.theme.basic/-/aspnetcore.mvc.ui.theme.basic-8.2.0-rc.3.tgz",
      "integrity": "sha512-IaBP/R/lMY5KNP8NIny4ydjJTqlWu1z2lM0lkWoNFhhBq9dmLEVKDJjzaeU4/UOhM8bHqEhvrWt2wh4me/SYIQ==",
      "dependencies": {
        "@abp/aspnetcore.mvc.ui.theme.shared": "~8.2.0-rc.3"
      }
    },
    "node_modules/@abp/aspnetcore.mvc.ui.theme.shared": {
      "version": "8.2.0-rc.3",
      "resolved": "https://registry.npmjs.org/@abp/aspnetcore.mvc.ui.theme.shared/-/aspnetcore.mvc.ui.theme.shared-8.2.0-rc.3.tgz",
      "integrity": "sha512-fE0Eevh7Y3pVHh6sbUTJaguCJMIiIhXkfRcVDYEkY+UZ33hfsodAzhKH7byb8AV6xWD/kfacsrtXpMP5zb6hPA==",
      "dependencies": {
        "@abp/aspnetcore.mvc.ui": "~8.2.0-rc.3",
        "@abp/bootstrap": "~8.2.0-rc.3",
        "@abp/bootstrap-datepicker": "~8.2.0-rc.3",
        "@abp/bootstrap-daterangepicker": "~8.2.0-rc.3",
        "@abp/datatables.net-bs5": "~8.2.0-rc.3",
        "@abp/font-awesome": "~8.2.0-rc.3",
        "@abp/jquery-form": "~8.2.0-rc.3",
        "@abp/jquery-validation-unobtrusive": "~8.2.0-rc.3",
        "@abp/lodash": "~8.2.0-rc.3",
        "@abp/luxon": "~8.2.0-rc.3",
        "@abp/malihu-custom-scrollbar-plugin": "~8.2.0-rc.3",
        "@abp/moment": "~8.2.0-rc.3",
        "@abp/select2": "~8.2.0-rc.3",
        "@abp/sweetalert2": "~8.2.0-rc.3",
        "@abp/timeago": "~8.2.0-rc.3",
        "@abp/toastr": "~8.2.0-rc.3"
      }
    },
    "node_modules/@abp/bootstrap": {
      "version": "8.2.0-rc.3",
      "resolved": "https://registry.npmjs.org/@abp/bootstrap/-/bootstrap-8.2.0-rc.3.tgz",
      "integrity": "sha512-Q1S8MF44BjIHO0zCLq6tQ97SfGZ0AmucnSvjEA2QaYG+t6vcLulgVqOC+YhaiLVIz72nOZ6n822c5nnI+PvsAA==",
      "dependencies": {
        "@abp/core": "~8.2.0-rc.3",
        "bootstrap": "^5.1.3"
      }
    },
    "node_modules/@abp/bootstrap-datepicker": {
      "version": "8.2.0-rc.3",
      "resolved": "https://registry.npmjs.org/@abp/bootstrap-datepicker/-/bootstrap-datepicker-8.2.0-rc.3.tgz",
      "integrity": "sha512-PNLefHKC07GDAZy9TI8J6S/4+0bYJ7ajlZjjG3zAO248lG5RvRb6q2Mza0uMpNpVmh2mvowxpveS/s5iFMy4hA==",
      "dependencies": {
        "bootstrap-datepicker": "^1.9.0"
      }
    },
    "node_modules/@abp/bootstrap-daterangepicker": {
      "version": "8.2.0-rc.3",
      "resolved": "https://registry.npmjs.org/@abp/bootstrap-daterangepicker/-/bootstrap-daterangepicker-8.2.0-rc.3.tgz",
      "integrity": "sha512-2SQii4h9YbkvbkDU4HXBSjIXGlfISMnNweQju7R/HsvwHmSeMYs/UpjQyBjQalJnsl/arYH++bQamUb6QkgTzg==",
      "dependencies": {
        "bootstrap-daterangepicker": "^3.1.0"
      }
    },
    "node_modules/@abp/core": {
      "version": "8.2.0-rc.3",
      "resolved": "https://registry.npmjs.org/@abp/core/-/core-8.2.0-rc.3.tgz",
      "integrity": "sha512-0jBUCt6Q7ZoaZ1tciliIYfVZE75qZtkFZ/unkz1MeToo+djFGt8oyXhoZ/0vG2t6yG0BzN+TajAbcZ81F+isKQ==",
      "dependencies": {
        "@abp/utils": "~8.2.0-rc.3"
      }
    },
    "node_modules/@abp/datatables.net": {
      "version": "8.2.0-rc.3",
      "resolved": "https://registry.npmjs.org/@abp/datatables.net/-/datatables.net-8.2.0-rc.3.tgz",
      "integrity": "sha512-C1yvafNg5LtnWVqDX7Z9lyhRrWVntymdI0BfP2V4SDVeqoSTLwf859vWn2/WYyDAgtiuqGyW7YdUTHWq+aSppw==",
      "dependencies": {
        "@abp/jquery": "~8.2.0-rc.3",
        "datatables.net": "^1.11.4"
      }
    },
    "node_modules/@abp/datatables.net-bs5": {
      "version": "8.2.0-rc.3",
      "resolved": "https://registry.npmjs.org/@abp/datatables.net-bs5/-/datatables.net-bs5-8.2.0-rc.3.tgz",
      "integrity": "sha512-fcw9KNyfdPj6s3AjyoHvrXQLYHajrollnPitO0jLLiaYjTf8DkWaCQY/yAwcJqzZlvv9P3A56VlWpBye1iHowQ==",
      "dependencies": {
        "@abp/datatables.net": "~8.2.0-rc.3",
        "datatables.net-bs5": "^1.11.4"
      }
    },
    "node_modules/@abp/font-awesome": {
      "version": "8.2.0-rc.3",
      "resolved": "https://registry.npmjs.org/@abp/font-awesome/-/font-awesome-8.2.0-rc.3.tgz",
      "integrity": "sha512-kIVENG5e/WyIr63q6ka6sedmF+kTNSZKr0TUt7mUntJPoY8HQAizcC6SF6/w/xJAgNyVVrOe4+2LPpIkbwLK6g==",
      "dependencies": {
        "@abp/core": "~8.2.0-rc.3",
        "@fortawesome/fontawesome-free": "^6.5.1"
      }
    },
    "node_modules/@abp/jquery": {
      "version": "8.2.0-rc.3",
      "resolved": "https://registry.npmjs.org/@abp/jquery/-/jquery-8.2.0-rc.3.tgz",
      "integrity": "sha512-j2GByw2EDpQZfWkuJkQ8aGIvtP3rAkIfXiz0KG/lAn6WhmQpQSuE7x6tkmGBaGKp+TP7KrTb6FZraOdVQzWoWA==",
      "dependencies": {
        "@abp/core": "~8.2.0-rc.3",
        "jquery": "~3.6.0"
      }
    },
    "node_modules/@abp/jquery-form": {
      "version": "8.2.0-rc.3",
      "resolved": "https://registry.npmjs.org/@abp/jquery-form/-/jquery-form-8.2.0-rc.3.tgz",
      "integrity": "sha512-LfiY4EaDHGQAHjF9i92KLDpc5HH7LUNo+pEEv9JQEvSsTH+JuN1aUf85bxX8GkY63BJbS+vVKGe2YmZJeQjGlA==",
      "dependencies": {
        "@abp/jquery": "~8.2.0-rc.3",
        "jquery-form": "^4.3.0"
      }
    },
    "node_modules/@abp/jquery-validation": {
      "version": "8.2.0-rc.3",
      "resolved": "https://registry.npmjs.org/@abp/jquery-validation/-/jquery-validation-8.2.0-rc.3.tgz",
      "integrity": "sha512-kigDjMUZ/n+1d3THZW5fH0RhfP79+LtqnmATwpACERDdJUBKDSJ7O6sY3Zu8HqTHB8vAuNuYBpYpkIaAg+KocA==",
      "dependencies": {
        "@abp/jquery": "~8.2.0-rc.3",
        "jquery-validation": "^1.19.3"
      }
    },
    "node_modules/@abp/jquery-validation-unobtrusive": {
      "version": "8.2.0-rc.3",
      "resolved": "https://registry.npmjs.org/@abp/jquery-validation-unobtrusive/-/jquery-validation-unobtrusive-8.2.0-rc.3.tgz",
      "integrity": "sha512-C1NEsXZW6SFBo5zYaMv5GGAF6kUh1StVVnCy+AMeHOu2MffucxMQP+EdXFoWgaG+8bdcJAImHVaMUxBmi8OtDA==",
      "dependencies": {
        "@abp/jquery-validation": "~8.2.0-rc.3",
        "jquery-validation-unobtrusive": "^3.2.12"
      }
    },
    "node_modules/@abp/lodash": {
      "version": "8.2.0-rc.3",
      "resolved": "https://registry.npmjs.org/@abp/lodash/-/lodash-8.2.0-rc.3.tgz",
      "integrity": "sha512-/4ZdVFTTLkzHEtpmIg9f8obLfyfAOLyXGXmfyklclvr14TxIINUjsDdvSKnVNYsT8R8vZkRqkuGYvk21ccE8tg==",
      "dependencies": {
        "@abp/core": "~8.2.0-rc.3",
        "lodash": "^4.17.21"
      }
    },
    "node_modules/@abp/luxon": {
      "version": "8.2.0-rc.3",
      "resolved": "https://registry.npmjs.org/@abp/luxon/-/luxon-8.2.0-rc.3.tgz",
      "integrity": "sha512-b4h0uMIChqnvq2/U1gqirdgxvL3kQlQWoFMzhX/ahIKL8rXzh0v+Db8Cd6VV0eRIT6JowviYAqfqz5l0fWDPRg==",
      "dependencies": {
        "@abp/core": "~8.2.0-rc.3",
        "luxon": "^2.3.0"
      }
    },
    "node_modules/@abp/malihu-custom-scrollbar-plugin": {
      "version": "8.2.0-rc.3",
      "resolved": "https://registry.npmjs.org/@abp/malihu-custom-scrollbar-plugin/-/malihu-custom-scrollbar-plugin-8.2.0-rc.3.tgz",
      "integrity": "sha512-SwBQlS6FYemkJXvdadT9sQiGXz8Fz9PRAjAD00MBUObqT2/RtvB82ssaNT5E1+HikveZ0p75yq7nOLh2zWhn9Q==",
      "dependencies": {
        "@abp/core": "~8.2.0-rc.3",
        "malihu-custom-scrollbar-plugin": "^3.1.5"
      }
    },
    "node_modules/@abp/moment": {
      "version": "8.2.0-rc.3",
      "resolved": "https://registry.npmjs.org/@abp/moment/-/moment-8.2.0-rc.3.tgz",
      "integrity": "sha512-2qrczEiKg2H1ObT3md5TSRtufbvy5nsm7RxUmBLhh1TrUCsUN6YHw9ROTGkzIST686Ew3j4GgZGdJuelZteqWA==",
      "dependencies": {
        "moment": "^2.9.0"
      }
    },
    "node_modules/@abp/select2": {
      "version": "8.2.0-rc.3",
      "resolved": "https://registry.npmjs.org/@abp/select2/-/select2-8.2.0-rc.3.tgz",
      "integrity": "sha512-V8Hzdw1kGaR3K11//iCU+nRV81NPmAR1ZeIPgeZrS9C+9835O/yVhYI4QZk8OdLOIStiJbkVU7bOOt9mhFO8tw==",
      "dependencies": {
        "@abp/core": "~8.2.0-rc.3",
        "select2": "^4.0.13"
      }
    },
    "node_modules/@abp/sweetalert2": {
      "version": "8.2.0-rc.3",
      "resolved": "https://registry.npmjs.org/@abp/sweetalert2/-/sweetalert2-8.2.0-rc.3.tgz",
      "integrity": "sha512-MgvA8sojsr8QH/ERBw+tZjiPu+6Kj1yozyaQ7r8je6wCWt0CUv+X6AFHp0WAaREssDclArF5h4b1GD6mP33w7g==",
      "dependencies": {
        "@abp/core": "~8.2.0-rc.3",
        "sweetalert2": "^11.3.6"
      }
    },
    "node_modules/@abp/timeago": {
      "version": "8.2.0-rc.3",
      "resolved": "https://registry.npmjs.org/@abp/timeago/-/timeago-8.2.0-rc.3.tgz",
      "integrity": "sha512-RpoEKExLhnZlqFvYgsUFpyFpHCrrO17tSf+iLRNokMPQHp0BXT0sV2UFg0Cw51XQg5NKWp9cL+bY2IEOe1qwIA==",
      "dependencies": {
        "@abp/jquery": "~8.2.0-rc.3",
        "timeago": "^1.6.7"
      }
    },
    "node_modules/@abp/toastr": {
      "version": "8.2.0-rc.3",
      "resolved": "https://registry.npmjs.org/@abp/toastr/-/toastr-8.2.0-rc.3.tgz",
      "integrity": "sha512-EC9EOio5ObgsjYa2fB8v4pgBPKiJ8Lbb7K+lKSQPxZSuqLrw+hEixgqZ0S9bBz5jxNRyqMFBdWAmYU6Vt5zzig==",
      "dependencies": {
        "@abp/jquery": "~8.2.0-rc.3",
        "toastr": "^2.1.4"
      }
    },
    "node_modules/@abp/utils": {
      "version": "8.2.0-rc.3",
      "resolved": "https://registry.npmjs.org/@abp/utils/-/utils-8.2.0-rc.3.tgz",
      "integrity": "sha512-SAfmjq5MXW32IlXxkN9zZhOtgSgoAhE2OENYPk9eAHsEtkJ7f9+Q+vOE3oJPBI7lFv0K/lee3FrEbDQBsB5XHA==",
      "dependencies": {
        "just-compare": "^2.3.0"
      }
    },
    "node_modules/@fortawesome/fontawesome-free": {
      "version": "6.5.2",
      "resolved": "https://registry.npmjs.org/@fortawesome/fontawesome-free/-/fontawesome-free-6.5.2.tgz",
      "integrity": "sha512-hRILoInAx8GNT5IMkrtIt9blOdrqHOnPBH+k70aWUAqPZPgopb9G5EQJFpaBx/S8zp2fC+mPW349Bziuk1o28Q==",
      "hasInstallScript": true,
      "engines": {
        "node": ">=6"
      }
    },
    "node_modules/@popperjs/core": {
      "version": "2.11.8",
      "resolved": "https://registry.npmjs.org/@popperjs/core/-/core-2.11.8.tgz",
      "integrity": "sha512-P1st0aksCrn9sGZhp8GMYwBnQsbvAWsZAX44oXNNvLHGqAOcoVxmjZiohstwQ7SqKnbR47akdNi+uleWD8+g6A==",
      "peer": true,
      "funding": {
        "type": "opencollective",
        "url": "https://opencollective.com/popperjs"
      }
    },
    "node_modules/ansi-colors": {
      "version": "4.1.3",
      "resolved": "https://registry.npmjs.org/ansi-colors/-/ansi-colors-4.1.3.tgz",
      "integrity": "sha512-/6w/C21Pm1A7aZitlI5Ni/2J6FFQN8i1Cvz3kHABAAbw93v/NlvKdVOqz7CCWz/3iv/JplRSEEZ83XION15ovw==",
      "engines": {
        "node": ">=6"
      }
    },
    "node_modules/bootstrap": {
      "version": "5.3.3",
      "resolved": "https://registry.npmjs.org/bootstrap/-/bootstrap-5.3.3.tgz",
      "integrity": "sha512-8HLCdWgyoMguSO9o+aH+iuZ+aht+mzW0u3HIMzVu7Srrpv7EBBxTnrFlSCskwdY1+EOFQSm7uMJhNQHkdPcmjg==",
      "funding": [
        {
          "type": "github",
          "url": "https://github.com/sponsors/twbs"
        },
        {
          "type": "opencollective",
          "url": "https://opencollective.com/bootstrap"
        }
      ],
      "peerDependencies": {
        "@popperjs/core": "^2.11.8"
      }
    },
    "node_modules/bootstrap-datepicker": {
      "version": "1.10.0",
      "resolved": "https://registry.npmjs.org/bootstrap-datepicker/-/bootstrap-datepicker-1.10.0.tgz",
      "integrity": "sha512-lWxtSYddAQOpbAO8UhYhHLcK6425eWoSjb5JDvZU3ePHEPF6A3eUr51WKaFy4PccU19JRxUG6wEU3KdhtKfvpg==",
      "dependencies": {
        "jquery": ">=3.4.0 <4.0.0"
      }
    },
    "node_modules/bootstrap-daterangepicker": {
      "version": "3.1.0",
      "resolved": "https://registry.npmjs.org/bootstrap-daterangepicker/-/bootstrap-daterangepicker-3.1.0.tgz",
      "integrity": "sha512-oaQZx6ZBDo/dZNyXGVi2rx5GmFXThyQLAxdtIqjtLlYVaQUfQALl5JZMJJZzyDIX7blfy4ppZPAJ10g8Ma4d/g==",
      "dependencies": {
        "jquery": ">=1.10",
        "moment": "^2.9.0"
      }
    },
    "node_modules/datatables.net": {
      "version": "1.13.11",
      "resolved": "https://registry.npmjs.org/datatables.net/-/datatables.net-1.13.11.tgz",
      "integrity": "sha512-AE6RkMXziRaqzPcu/pl3SJXeRa6fmXQG/fVjuRESujvkzqDCYEeKTTpPMuVJSGYJpPi32WGSphVNNY1G4nSN/g==",
      "dependencies": {
        "jquery": "1.8 - 4"
      }
    },
    "node_modules/datatables.net-bs5": {
      "version": "1.13.11",
      "resolved": "https://registry.npmjs.org/datatables.net-bs5/-/datatables.net-bs5-1.13.11.tgz",
      "integrity": "sha512-NQO15TjXo4xvZ0jReC4Uf86ezbQzPQPdaN2YncrCPhzQ6fx+2WD7DUq4ur0HbAcYHo94/M+MtD5Ch29To7Rj3Q==",
      "dependencies": {
        "datatables.net": "1.13.11",
        "jquery": "1.8 - 4"
      }
    },
    "node_modules/jquery": {
      "version": "3.6.4",
      "resolved": "https://registry.npmjs.org/jquery/-/jquery-3.6.4.tgz",
      "integrity": "sha512-v28EW9DWDFpzcD9O5iyJXg3R3+q+mET5JhnjJzQUZMHOv67bpSIHq81GEYpPNZHG+XXHsfSme3nxp/hndKEcsQ=="
    },
    "node_modules/jquery-form": {
      "version": "4.3.0",
      "resolved": "https://registry.npmjs.org/jquery-form/-/jquery-form-4.3.0.tgz",
      "integrity": "sha512-q3uaVCEWdLOYUCI6dpNdwf/7cJFOsUgdpq6r0taxtGQ5NJSkOzofyWm4jpOuJ5YxdmL1FI5QR+q+HB63HHLGnQ==",
      "dependencies": {
        "jquery": ">=1.7.2"
      }
    },
    "node_modules/jquery-mousewheel": {
      "version": "3.1.13",
      "resolved": "https://registry.npmjs.org/jquery-mousewheel/-/jquery-mousewheel-3.1.13.tgz",
      "integrity": "sha512-GXhSjfOPyDemM005YCEHvzrEALhKDIswtxSHSR2e4K/suHVJKJxxRCGz3skPjNxjJjQa9AVSGGlYjv1M3VLIPg=="
    },
    "node_modules/jquery-validation": {
      "version": "1.20.0",
      "resolved": "https://registry.npmjs.org/jquery-validation/-/jquery-validation-1.20.0.tgz",
      "integrity": "sha512-c8tg4ltIIP6L7l0bZ79sRzOJYquyjS48kQZ6iv8MJ2r0OYztxtkWYKTReZyU2/zVFYiINB29i0Z/IRNNuJQN1g==",
      "peerDependencies": {
        "jquery": "^1.7 || ^2.0 || ^3.1"
      }
    },
    "node_modules/jquery-validation-unobtrusive": {
      "version": "3.2.12",
      "resolved": "https://registry.npmjs.org/jquery-validation-unobtrusive/-/jquery-validation-unobtrusive-3.2.12.tgz",
      "integrity": "sha512-kPixGhVcuat7vZXngGFfSIksy4VlzZcHyRgnBIZdsfVneCU+D5sITC8T8dD/9c9K/Q+qkMlgp7ufJHz93nKSuQ==",
      "dependencies": {
        "jquery": "^3.5.1",
        "jquery-validation": ">=1.16"
      }
    },
    "node_modules/just-compare": {
      "version": "2.3.0",
      "resolved": "https://registry.npmjs.org/just-compare/-/just-compare-2.3.0.tgz",
      "integrity": "sha512-6shoR7HDT+fzfL3gBahx1jZG3hWLrhPAf+l7nCwahDdT9XDtosB9kIF0ZrzUp5QY8dJWfQVr5rnsPqsbvflDzg=="
    },
    "node_modules/lodash": {
      "version": "4.17.21",
      "resolved": "https://registry.npmjs.org/lodash/-/lodash-4.17.21.tgz",
      "integrity": "sha512-v2kDEe57lecTulaDIuNTPy3Ry4gLGJ6Z1O3vE1krgXZNrsQ+LFTGHVxVjcXPs17LhbZVGedAJv8XZ1tvj5FvSg=="
    },
    "node_modules/luxon": {
      "version": "2.5.2",
      "resolved": "https://registry.npmjs.org/luxon/-/luxon-2.5.2.tgz",
      "integrity": "sha512-Yg7/RDp4nedqmLgyH0LwgGRvMEKVzKbUdkBYyCosbHgJ+kaOUx0qzSiSatVc3DFygnirTPYnMM2P5dg2uH1WvA==",
      "engines": {
        "node": ">=12"
      }
    },
    "node_modules/malihu-custom-scrollbar-plugin": {
      "version": "3.1.5",
      "resolved": "https://registry.npmjs.org/malihu-custom-scrollbar-plugin/-/malihu-custom-scrollbar-plugin-3.1.5.tgz",
      "integrity": "sha512-lwW3LgI+CNDMPnP4ED2la6oYxWMkCXlnhex+s2wuOLhFDFGnGmQuTQVdRK9bvDLpxs10sGlfErVufJy9ztfgJQ==",
      "dependencies": {
        "jquery-mousewheel": ">=3.0.6"
      }
    },
    "node_modules/moment": {
      "version": "2.30.1",
      "resolved": "https://registry.npmjs.org/moment/-/moment-2.30.1.tgz",
      "integrity": "sha512-uEmtNhbDOrWPFS+hdjFCBfy9f2YoyzRpwcl+DqpC6taX21FzsTLQVbMV/W7PzNSX6x/bhC1zA3c2UQ5NzH6how==",
      "engines": {
        "node": "*"
      }
    },
    "node_modules/select2": {
      "version": "4.0.13",
      "resolved": "https://registry.npmjs.org/select2/-/select2-4.0.13.tgz",
      "integrity": "sha512-1JeB87s6oN/TDxQQYCvS5EFoQyvV6eYMZZ0AeA4tdFDYWN3BAGZ8npr17UBFddU0lgAt3H0yjX3X6/ekOj1yjw=="
    },
    "node_modules/sweetalert2": {
      "version": "11.11.0",
      "resolved": "https://registry.npmjs.org/sweetalert2/-/sweetalert2-11.11.0.tgz",
      "integrity": "sha512-wKCTtoE6lQVDKaJ5FFq+znk/YykJmJlD8RnLZps8C7DyivctCoRlVeeOwnKfgwKS+QJYon7s++3dmNi3/am1tw==",
      "funding": {
        "type": "individual",
        "url": "https://github.com/sponsors/limonte"
      }
    },
    "node_modules/timeago": {
      "version": "1.6.7",
      "resolved": "https://registry.npmjs.org/timeago/-/timeago-1.6.7.tgz",
      "integrity": "sha512-FikcjN98+ij0siKH4VO4dZ358PR3oDDq4Vdl1+sN9gWz1/+JXGr3uZbUShYH/hL7bMhcTpPbplJU5Tej4b4jbQ==",
      "dependencies": {
        "jquery": ">=1.5.0 <4.0"
      }
    },
    "node_modules/toastr": {
      "version": "2.1.4",
      "resolved": "https://registry.npmjs.org/toastr/-/toastr-2.1.4.tgz",
      "integrity": "sha512-LIy77F5n+sz4tefMmFOntcJ6HL0Fv3k1TDnNmFZ0bU/GcvIIfy6eG2v7zQmMiYgaalAiUv75ttFrPn5s0gyqlA==",
      "dependencies": {
        "jquery": ">=1.12.0"
      }
    }
  }
}
